// !$*UTF8*$!
{
	archiveVersion = 1;
	classes = {
	};
	objectVersion = 50;
	objects = {

/* Begin PBXBuildFile section */
		4179473B28F4E9EA0094407E /* AppDelegate.swift in Sources */ = {isa = PBXBuildFile; fileRef = 4179473A28F4E9EA0094407E /* AppDelegate.swift */; };
		4179473D28F4E9EA0094407E /* SceneDelegate.swift in Sources */ = {isa = PBXBuildFile; fileRef = 4179473C28F4E9EA0094407E /* SceneDelegate.swift */; };
		4179474228F4E9EA0094407E /* Main.storyboard in Resources */ = {isa = PBXBuildFile; fileRef = 4179474028F4E9EA0094407E /* Main.storyboard */; };
		4179474428F4E9F10094407E /* Assets.xcassets in Resources */ = {isa = PBXBuildFile; fileRef = 4179474328F4E9F10094407E /* Assets.xcassets */; };
		4179474728F4E9F10094407E /* LaunchScreen.storyboard in Resources */ = {isa = PBXBuildFile; fileRef = 4179474528F4E9F10094407E /* LaunchScreen.storyboard */; };
		4179475028F4F14E0094407E /* ColubelViewController.swift in Sources */ = {isa = PBXBuildFile; fileRef = 4179474F28F4F14E0094407E /* ColubelViewController.swift */; };
		4179475928F504AD0094407E /* musikColubel1.mp3 in Resources */ = {isa = PBXBuildFile; fileRef = 4179475828F504AD0094407E /* musikColubel1.mp3 */; };
/* End PBXBuildFile section */

/* Begin PBXFileReference section */
		4179473728F4E9EA0094407E /* lullabies.app */ = {isa = PBXFileReference; explicitFileType = wrapper.application; includeInIndex = 0; path = lullabies.app; sourceTree = BUILT_PRODUCTS_DIR; };
		4179473A28F4E9EA0094407E /* AppDelegate.swift */ = {isa = PBXFileReference; lastKnownFileType = sourcecode.swift; path = AppDelegate.swift; sourceTree = "<group>"; };
		4179473C28F4E9EA0094407E /* SceneDelegate.swift */ = {isa = PBXFileReference; lastKnownFileType = sourcecode.swift; path = SceneDelegate.swift; sourceTree = "<group>"; };
		4179474128F4E9EA0094407E /* Base */ = {isa = PBXFileReference; lastKnownFileType = file.storyboard; name = Base; path = Base.lproj/Main.storyboard; sourceTree = "<group>"; };
		4179474328F4E9F10094407E /* Assets.xcassets */ = {isa = PBXFileReference; lastKnownFileType = folder.assetcatalog; path = Assets.xcassets; sourceTree = "<group>"; };
		4179474628F4E9F10094407E /* Base */ = {isa = PBXFileReference; lastKnownFileType = file.storyboard; name = Base; path = Base.lproj/LaunchScreen.storyboard; sourceTree = "<group>"; };
		4179474828F4E9F10094407E /* Info.plist */ = {isa = PBXFileReference; lastKnownFileType = text.plist.xml; path = Info.plist; sourceTree = "<group>"; };
		4179474F28F4F14E0094407E /* ColubelViewController.swift */ = {isa = PBXFileReference; lastKnownFileType = sourcecode.swift; path = ColubelViewController.swift; sourceTree = "<group>"; };
		4179475828F504AD0094407E /* musikColubel1.mp3 */ = {isa = PBXFileReference; lastKnownFileType = audio.mp3; path = musikColubel1.mp3; sourceTree = "<group>"; };
/* End PBXFileReference section */

/* Begin PBXFrameworksBuildPhase section */
		4179473428F4E9EA0094407E /* Frameworks */ = {
			isa = PBXFrameworksBuildPhase;
			buildActionMask = 2147483647;
			files = (
			);
			runOnlyForDeploymentPostprocessing = 0;
		};
/* End PBXFrameworksBuildPhase section */

/* Begin PBXGroup section */
		4179472E28F4E9EA0094407E = {
			isa = PBXGroup;
			children = (
				4179473928F4E9EA0094407E /* lullabies */,
				4179473828F4E9EA0094407E /* Products */,
			);
			sourceTree = "<group>";
		};
		4179473828F4E9EA0094407E /* Products */ = {
			isa = PBXGroup;
			children = (
				4179473728F4E9EA0094407E /* lullabies.app */,
			);
			name = Products;
			sourceTree = "<group>";
		};
		4179473928F4E9EA0094407E /* lullabies */ = {
			isa = PBXGroup;
			children = (
				4179475328F503800094407E /* music */,
				4179473A28F4E9EA0094407E /* AppDelegate.swift */,
				4179473C28F4E9EA0094407E /* SceneDelegate.swift */,
				4179474F28F4F14E0094407E /* ColubelViewController.swift */,
				4179474028F4E9EA0094407E /* Main.storyboard */,
				4179474328F4E9F10094407E /* Assets.xcassets */,
				4179474528F4E9F10094407E /* LaunchScreen.storyboard */,
				4179474828F4E9F10094407E /* Info.plist */,
			);
			path = lullabies;
			sourceTree = "<group>";
		};
		4179475328F503800094407E /* music */ = {
			isa = PBXGroup;
			children = (
				4179475828F504AD0094407E /* musikColubel1.mp3 */,
			);
			path = music;
			sourceTree = "<group>";
		};
/* End PBXGroup section */

/* Begin PBXNativeTarget section */
		4179473628F4E9EA0094407E /* lullabies */ = {
			isa = PBXNativeTarget;
			buildConfigurationList = 4179474B28F4E9F10094407E /* Build configuration list for PBXNativeTarget "lullabies" */;
			buildPhases = (
				4179473328F4E9EA0094407E /* Sources */,
				4179473428F4E9EA0094407E /* Frameworks */,
				4179473528F4E9EA0094407E /* Resources */,
			);
			buildRules = (
			);
			dependencies = (
			);
			name = lullabies;
			productName = lullabies;
			productReference = 4179473728F4E9EA0094407E /* lullabies.app */;
			productType = "com.apple.product-type.application";
		};
/* End PBXNativeTarget section */

/* Begin PBXProject section */
		4179472F28F4E9EA0094407E /* Project object */ = {
			isa = PBXProject;
			attributes = {
				LastSwiftUpdateCheck = 1240;
				LastUpgradeCheck = 1240;
				TargetAttributes = {
					4179473628F4E9EA0094407E = {
						CreatedOnToolsVersion = 12.4;
					};
				};
			};
			buildConfigurationList = 4179473228F4E9EA0094407E /* Build configuration list for PBXProject "lullabies" */;
			compatibilityVersion = "Xcode 9.3";
			developmentRegion = en;
			hasScannedForEncodings = 0;
			knownRegions = (
				en,
				Base,
			);
			mainGroup = 4179472E28F4E9EA0094407E;
			productRefGroup = 4179473828F4E9EA0094407E /* Products */;
			projectDirPath = "";
			projectRoot = "";
			targets = (
				4179473628F4E9EA0094407E /* lullabies */,
			);
		};
/* End PBXProject section */

/* Begin PBXResourcesBuildPhase section */
		4179473528F4E9EA0094407E /* Resources */ = {
			isa = PBXResourcesBuildPhase;
			buildActionMask = 2147483647;
			files = (
				4179474728F4E9F10094407E /* LaunchScreen.storyboard in Resources */,
				4179474428F4E9F10094407E /* Assets.xcassets in Resources */,
				4179474228F4E9EA0094407E /* Main.storyboard in Resources */,
				4179475928F504AD0094407E /* musikColubel1.mp3 in Resources */,
			);
			runOnlyForDeploymentPostprocessing = 0;
		};
/* End PBXResourcesBuildPhase section */

/* Begin PBXSourcesBuildPhase section */
		4179473328F4E9EA0094407E /* Sources */ = {
			isa = PBXSourcesBuildPhase;
			buildActionMask = 2147483647;
			files = (
				4179473B28F4E9EA0094407E /* AppDelegate.swift in Sources */,
				4179473D28F4E9EA0094407E /* SceneDelegate.swift in Sources */,
				4179475028F4F14E0094407E /* ColubelViewController.swift in Sources */,
			);
			runOnlyForDeploymentPostprocessing = 0;
		};
/* End PBXSourcesBuildPhase section */

/* Begin PBXVariantGroup section */
		4179474028F4E9EA0094407E /* Main.storyboard */ = {
			isa = PBXVariantGroup;
			children = (
				4179474128F4E9EA0094407E /* Base */,
			);
			name = Main.storyboard;
			sourceTree = "<group>";
		};
		4179474528F4E9F10094407E /* LaunchScreen.storyboard */ = {
			isa = PBXVariantGroup;
			children = (
				4179474628F4E9F10094407E /* Base */,
			);
			name = LaunchScreen.storyboard;
			sourceTree = "<group>";
		};
/* End PBXVariantGroup section */

/* Begin XCBuildConfiguration section */
		4179474928F4E9F10094407E /* Debug */ = {
			isa = XCBuildConfiguration;
			buildSettings = {
				ALWAYS_SEARCH_USER_PATHS = NO;
				CLANG_ANALYZER_NONNULL = YES;
				CLANG_ANALYZER_NUMBER_OBJECT_CONVERSION = YES_AGGRESSIVE;
				CLANG_CXX_LANGUAGE_STANDARD = "gnu++14";
				CLANG_CXX_LIBRARY = "libc++";
				CLANG_ENABLE_MODULES = YES;
				CLANG_ENABLE_OBJC_ARC = YES;
				CLANG_ENABLE_OBJC_WEAK = YES;
				CLANG_WARN_BLOCK_CAPTURE_AUTORELEASING = YES;
				CLANG_WARN_BOOL_CONVERSION = YES;
				CLANG_WARN_COMMA = YES;
				CLANG_WARN_CONSTANT_CONVERSION = YES;
				CLANG_WARN_DEPRECATED_OBJC_IMPLEMENTATIONS = YES;
				CLANG_WARN_DIRECT_OBJC_ISA_USAGE = YES_ERROR;
				CLANG_WARN_DOCUMENTATION_COMMENTS = YES;
				CLANG_WARN_EMPTY_BODY = YES;
				CLANG_WARN_ENUM_CONVERSION = YES;
				CLANG_WARN_INFINITE_RECURSION = YES;
				CLANG_WARN_INT_CONVERSION = YES;
				CLANG_WARN_NON_LITERAL_NULL_CONVERSION = YES;
				CLANG_WARN_OBJC_IMPLICIT_RETAIN_SELF = YES;
				CLANG_WARN_OBJC_LITERAL_CONVERSION = YES;
				CLANG_WARN_OBJC_ROOT_CLASS = YES_ERROR;
				CLANG_WARN_QUOTED_INCLUDE_IN_FRAMEWORK_HEADER = YES;
				CLANG_WARN_RANGE_LOOP_ANALYSIS = YES;
				CLANG_WARN_STRICT_PROTOTYPES = YES;
				CLANG_WARN_SUSPICIOUS_MOVE = YES;
				CLANG_WARN_UNGUARDED_AVAILABILITY = YES_AGGRESSIVE;
				CLANG_WARN_UNREACHABLE_CODE = YES;
				CLANG_WARN__DUPLICATE_METHOD_MATCH = YES;
				COPY_PHASE_STRIP = NO;
				DEBUG_INFORMATION_FORMAT = dwarf;
				ENABLE_STRICT_OBJC_MSGSEND = YES;
				ENABLE_TESTABILITY = YES;
				GCC_C_LANGUAGE_STANDARD = gnu11;
				GCC_DYNAMIC_NO_PIC = NO;
				GCC_NO_COMMON_BLOCKS = YES;
				GCC_OPTIMIZATION_LEVEL = 0;
				GCC_PREPROCESSOR_DEFINITIONS = (
					"DEBUG=1",
					"$(inherited)",
				);
				GCC_WARN_64_TO_32_BIT_CONVERSION = YES;
				GCC_WARN_ABOUT_RETURN_TYPE = YES_ERROR;
				GCC_WARN_UNDECLARED_SELECTOR = YES;
				GCC_WARN_UNINITIALIZED_AUTOS = YES_AGGRESSIVE;
				GCC_WARN_UNUSED_FUNCTION = YES;
				GCC_WARN_UNUSED_VARIABLE = YES;
				IPHONEOS_DEPLOYMENT_TARGET = 14.4;
				MTL_ENABLE_DEBUG_INFO = INCLUDE_SOURCE;
				MTL_FAST_MATH = YES;
				ONLY_ACTIVE_ARCH = YES;
				SDKROOT = iphoneos;
				SWIFT_ACTIVE_COMPILATION_CONDITIONS = DEBUG;
				SWIFT_OPTIMIZATION_LEVEL = "-Onone";
			};
			name = Debug;
		};
		4179474A28F4E9F10094407E /* Release */ = {
			isa = XCBuildConfiguration;
			buildSettings = {
				ALWAYS_SEARCH_USER_PATHS = NO;
				CLANG_ANALYZER_NONNULL = YES;
				CLANG_ANALYZER_NUMBER_OBJECT_CONVERSION = YES_AGGRESSIVE;
				CLANG_CXX_LANGUAGE_STANDARD = "gnu++14";
				CLANG_CXX_LIBRARY = "libc++";
				CLANG_ENABLE_MODULES = YES;
				CLANG_ENABLE_OBJC_ARC = YES;
				CLANG_ENABLE_OBJC_WEAK = YES;
				CLANG_WARN_BLOCK_CAPTURE_AUTORELEASING = YES;
				CLANG_WARN_BOOL_CONVERSION = YES;
				CLANG_WARN_COMMA = YES;
				CLANG_WARN_CONSTANT_CONVERSION = YES;
				CLANG_WARN_DEPRECATED_OBJC_IMPLEMENTATIONS = YES;
				CLANG_WARN_DIRECT_OBJC_ISA_USAGE = YES_ERROR;
				CLANG_WARN_DOCUMENTATION_COMMENTS = YES;
				CLANG_WARN_EMPTY_BODY = YES;
				CLANG_WARN_ENUM_CONVERSION = YES;
				CLANG_WARN_INFINITE_RECURSION = YES;
				CLANG_WARN_INT_CONVERSION = YES;
				CLANG_WARN_NON_LITERAL_NULL_CONVERSION = YES;
				CLANG_WARN_OBJC_IMPLICIT_RETAIN_SELF = YES;
				CLANG_WARN_OBJC_LITERAL_CONVERSION = YES;
				CLANG_WARN_OBJC_ROOT_CLASS = YES_ERROR;
				CLANG_WARN_QUOTED_INCLUDE_IN_FRAMEWORK_HEADER = YES;
				CLANG_WARN_RANGE_LOOP_ANALYSIS = YES;
				CLANG_WARN_STRICT_PROTOTYPES = YES;
				CLANG_WARN_SUSPICIOUS_MOVE = YES;
				CLANG_WARN_UNGUARDED_AVAILABILITY = YES_AGGRESSIVE;
				CLANG_WARN_UNREACHABLE_CODE = YES;
				CLANG_WARN__DUPLICATE_METHOD_MATCH = YES;
				COPY_PHASE_STRIP = NO;
				DEBUG_INFORMATION_FORMAT = "dwarf-with-dsym";
				ENABLE_NS_ASSERTIONS = NO;
				ENABLE_STRICT_OBJC_MSGSEND = YES;
				GCC_C_LANGUAGE_STANDARD = gnu11;
				GCC_NO_COMMON_BLOCKS = YES;
				GCC_WARN_64_TO_32_BIT_CONVERSION = YES;
				GCC_WARN_ABOUT_RETURN_TYPE = YES_ERROR;
				GCC_WARN_UNDECLARED_SELECTOR = YES;
				GCC_WARN_UNINITIALIZED_AUTOS = YES_AGGRESSIVE;
				GCC_WARN_UNUSED_FUNCTION = YES;
				GCC_WARN_UNUSED_VARIABLE = YES;
				IPHONEOS_DEPLOYMENT_TARGET = 14.4;
				MTL_ENABLE_DEBUG_INFO = NO;
				MTL_FAST_MATH = YES;
				SDKROOT = iphoneos;
				SWIFT_COMPILATION_MODE = wholemodule;
				SWIFT_OPTIMIZATION_LEVEL = "-O";
				VALIDATE_PRODUCT = YES;
			};
			name = Release;
		};
		4179474C28F4E9F10094407E /* Debug */ = {
			isa = XCBuildConfiguration;
			buildSettings = {
				ASSETCATALOG_COMPILER_APPICON_NAME = AppIcon;
				ASSETCATALOG_COMPILER_GLOBAL_ACCENT_COLOR_NAME = AccentColor;
				CODE_SIGN_STYLE = Automatic;
				DEVELOPMENT_TEAM = 48AKWV4768;
				INFOPLIST_FILE = lullabies/Info.plist;
				LD_RUNPATH_SEARCH_PATHS = (
					"$(inherited)",
					"@executable_path/Frameworks",
				);
				PRODUCT_BUNDLE_IDENTIFIER = saturn777.lullabies;
				PRODUCT_NAME = "$(TARGET_NAME)";
				SWIFT_VERSION = 5.0;
				TARGETED_DEVICE_FAMILY = "1,2";
			};
			name = Debug;
		};
		4179474D28F4E9F10094407E /* Release */ = {
			isa = XCBuildConfiguration;
			buildSettings = {
				ASSETCATALOG_COMPILER_APPICON_NAME = AppIcon;
				ASSETCATALOG_COMPILER_GLOBAL_ACCENT_COLOR_NAME = AccentColor;
				CODE_SIGN_STYLE = Automatic;
				DEVELOPMENT_TEAM = 48AKWV4768;
				INFOPLIST_FILE = lullabies/Info.plist;
				LD_RUNPATH_SEARCH_PATHS = (
					"$(inherited)",
					"@executable_path/Frameworks",
				);
				PRODUCT_BUNDLE_IDENTIFIER = saturn777.lullabies;
				PRODUCT_NAME = "$(TARGET_NAME)";
				SWIFT_VERSION = 5.0;
				TARGETED_DEVICE_FAMILY = "1,2";
			};
			name = Release;
		};
/* End XCBuildConfiguration section */

/* Begin XCConfigurationList section */
		4179473228F4E9EA0094407E /* Build configuration list for PBXProject "lullabies" */ = {
			isa = XCConfigurationList;
			buildConfigurations = (
				4179474928F4E9F10094407E /* Debug */,
				4179474A28F4E9F10094407E /* Release */,
			);
			defaultConfigurationIsVisible = 0;
			defaultConfigurationName = Release;
		};
		4179474B28F4E9F10094407E /* Build configuration list for PBXNativeTarget "lullabies" */ = {
			isa = XCConfigurationList;
			buildConfigurations = (
				4179474C28F4E9F10094407E /* Debug */,
				4179474D28F4E9F10094407E /* Release */,
			);
			defaultConfigurationIsVisible = 0;
			defaultConfigurationName = Release;
		};
/* End XCConfigurationList section */
	};
	rootObject = 4179472F28F4E9EA0094407E /* Project object */;
}
